<?xml version="1.0" encoding="utf-8"?>
<Project ToolsVersion="4.0" xmlns="http://schemas.microsoft.com/developer/msbuild/2003">
  <ItemGroup>
    <Filter Include="Source Files">
      <UniqueIdentifier>{4FC737F1-C7A5-4376-A066-2A32D752A2FF}</UniqueIdentifier>
      <Extensions>cpp;c;cc;cxx;def;odl;idl;hpj;bat;asm;asmx</Extensions>
    </Filter>
    <Filter Include="Header Files">
      <UniqueIdentifier>{93995380-89BD-4b04-88EB-625FBE52EBFB}</UniqueIdentifier>
      <Extensions>h;hh;hpp;hxx;hm;inl;inc;xsd</Extensions>
    </Filter>
    <Filter Include="Resource Files">
      <UniqueIdentifier>{67DA6AB6-F800-4c08-8B7A-83BB121AAD01}</UniqueIdentifier>
      <Extensions>rc;ico;cur;bmp;dlg;rc2;rct;bin;rgs;gif;jpg;jpeg;jpe;resx;tiff;tif;png;wav;mfcribbon-ms</Extensions>
    </Filter>
    <Filter Include="Form Files">
      <UniqueIdentifier>{99349809-55BA-4b9d-BF79-8FDBB0286EB3}</UniqueIdentifier>
      <Extensions>ui</Extensions>
    </Filter>
    <Filter Include="Resource Files">
      <UniqueIdentifier>{D9D6E242-F8AF-46E4-B9FD-80ECBC20BA3E}</UniqueIdentifier>
      <Extensions>qrc;*</Extensions>
      <ParseFiles>false</ParseFiles>
    </Filter>
    <Filter Include="tinyxml">
      <UniqueIdentifier>{82cbc5e1-88f9-482b-abf5-5c1c7fd1928c}</UniqueIdentifier>
    </Filter>
  </ItemGroup>
  <ItemGroup>
    <QtRcc Include="gbclient.qrc">
      <Filter>Resource Files</Filter>
    </QtRcc>
    <QtMoc Include="gbclient.h">
      <Filter>Header Files</Filter>
    </QtMoc>
    <ClCompile Include="gbclient.cpp">
      <Filter>Source Files</Filter>
    </ClCompile>
  </ItemGroup>
  <ItemGroup>
    <ClCompile Include="main.cpp">
      <Filter>Source Files</Filter>
    </ClCompile>
    <ClCompile Include="tinyxml\tinystr.cpp">
      <Filter>tinyxml</Filter>
    </ClCompile>
    <ClCompile Include="tinyxml\tinyxml.cpp">
      <Filter>tinyxml</Filter>
    </ClCompile>
    <ClCompile Include="tinyxml\tinyxmlerror.cpp">
      <Filter>tinyxml</Filter>
    </ClCompile>
    <ClCompile Include="tinyxml\tinyxmlparser.cpp">
      <Filter>tinyxml</Filter>
    </ClCompile>
    <ClCompile Include="deviceinfos.cpp">
      <Filter>Source Files</Filter>
    </ClCompile>
    <ClCompile Include="sipcontact.cpp">
      <Filter>Source Files</Filter>
    </ClCompile>
    <ClCompile Include="videowidget.cpp">
      <Filter>Source Files</Filter>
    </ClCompile>
    <ClCompile Include="aacdecoder.cpp">
      <Filter>Source Files</Filter>
    </ClCompile>
    <ClCompile Include="psstreamserver.cpp">
      <Filter>Source Files</Filter>
    </ClCompile>
    <ClCompile Include="psstreamtcpserver.cpp">
      <Filter>Source Files</Filter>
    </ClCompile>
    <ClCompile Include="psstreamudpserver.cpp">
      <Filter>Source Files</Filter>
    </ClCompile>
    <ClCompile Include="h264decoder.cpp">
      <Filter>Source Files</Filter>
    </ClCompile>
  </ItemGroup>
  <ItemGroup>
    <ClInclude Include="tinyxml\tinystr.h">
      <Filter>tinyxml</Filter>
    </ClInclude>
    <ClInclude Include="tinyxml\tinyxml.h">
      <Filter>tinyxml</Filter>
    </ClInclude>
    <ClInclude Include="common.h">
      <Filter>Header Files</Filter>
    </ClInclude>
    <ClInclude Include="sipcontact.h">
      <Filter>Header Files</Filter>
    </ClInclude>
  </ItemGroup>
  <ItemGroup>
    <QtMoc Include="deviceinfos.h">
      <Filter>Header Files</Filter>
    </QtMoc>
    <QtMoc Include="videowidget.h">
      <Filter>Header Files</Filter>
    </QtMoc>
    <QtMoc Include="aacdecoder.h">
      <Filter>Header Files</Filter>
    </QtMoc>
    <QtMoc Include="psstreamserver.h">
      <Filter>Header Files</Filter>
    </QtMoc>
    <QtMoc Include="psstreamtcpserver.h">
      <Filter>Header Files</Filter>
    </QtMoc>
    <QtMoc Include="psstreamudpserver.h">
      <Filter>Header Files</Filter>
    </QtMoc>
    <QtMoc Include="h264decoder.h">
      <Filter>Header Files</Filter>
    </QtMoc>
  </ItemGroup>
  <ItemGroup>
    <QtUic Include="videowidget.ui">
      <Filter>Form Files</Filter>
    </QtUic>
    <QtUic Include="gbclient.ui">
      <Filter>Form Files</Filter>
    </QtUic>
  </ItemGroup>
</Project>